
Microsoft Visual Studio Solution File, Format Version 12.00
# Visual Studio Version 16
VisualStudioVersion = 16.0.29209.62
MinimumVisualStudioVersion = 15.0.26124.0
Project("{9A19103F-16F7-4668-BE54-9A1E7A4F7556}") = "Example.DocumentDb", "Example.DocumentDb\Example.DocumentDb.csproj", "{4D8C4C09-3D5A-40A4-A349-8D7834EF035D}"
EndProject
Project("{2150E333-8FDC-42A3-9474-1A3956D46DE8}") = "Solution Items", "Solution Items", "{B7837728-4355-4E99-9A16-0CF50C859727}"
	ProjectSection(SolutionItems) = preProject
		ReadMe.md = ReadMe.md
	EndProjectSection
EndProject
Project("{2150E333-8FDC-42A3-9474-1A3956D46DE8}") = "LoadTest", "LoadTest", "{D3DFA106-C10F-4B94-B2FD-2EC396145902}"
	ProjectSection(SolutionItems) = preProject
		LoadTest\ProductsOnly.json = LoadTest\ProductsOnly.json
		LoadTest\ProductsOnly2.json = LoadTest\ProductsOnly2.json
		LoadTest\ProductsParallel3.json = LoadTest\ProductsParallel3.json
	EndProjectSection
EndProject
Global
	GlobalSection(SolutionConfigurationPlatforms) = preSolution
		Debug|Any CPU = Debug|Any CPU
		Debug|x64 = Debug|x64
		Debug|x86 = Debug|x86
		Release|Any CPU = Release|Any CPU
		Release|x64 = Release|x64
		Release|x86 = Release|x86
	EndGlobalSection
	GlobalSection(ProjectConfigurationPlatforms) = postSolution
		{4D8C4C09-3D5A-40A4-A349-8D7834EF035D}.Debug|Any CPU.ActiveCfg = Debug|Any CPU
		{4D8C4C09-3D5A-40A4-A349-8D7834EF035D}.Debug|Any CPU.Build.0 = Debug|Any CPU
		{4D8C4C09-3D5A-40A4-A349-8D7834EF035D}.Debug|x64.ActiveCfg = Debug|Any CPU
		{4D8C4C09-3D5A-40A4-A349-8D7834EF035D}.Debug|x64.Build.0 = Debug|Any CPU
		{4D8C4C09-3D5A-40A4-A349-8D7834EF035D}.Debug|x86.ActiveCfg = Debug|Any CPU
		{4D8C4C09-3D5A-40A4-A349-8D7834EF035D}.Debug|x86.Build.0 = Debug|Any CPU
		{4D8C4C09-3D5A-40A4-A349-8D7834EF035D}.Release|Any CPU.ActiveCfg = Release|Any CPU
		{4D8C4C09-3D5A-40A4-A349-8D7834EF035D}.Release|Any CPU.Build.0 = Release|Any CPU
		{4D8C4C09-3D5A-40A4-A349-8D7834EF035D}.Release|x64.ActiveCfg = Release|Any CPU
		{4D8C4C09-3D5A-40A4-A349-8D7834EF035D}.Release|x64.Build.0 = Release|Any CPU
		{4D8C4C09-3D5A-40A4-A349-8D7834EF035D}.Release|x86.ActiveCfg = Release|Any CPU
		{4D8C4C09-3D5A-40A4-A349-8D7834EF035D}.Release|x86.Build.0 = Release|Any CPU
	EndGlobalSection
	GlobalSection(SolutionProperties) = preSolution
		HideSolutionNode = FALSE
	EndGlobalSection
	GlobalSection(ExtensibilityGlobals) = postSolution
		SolutionGuid = {20F4ABCF-56D8-4B27-BB2B-BC2ECFB168C9}
	EndGlobalSection
EndGlobal
